
Microsoft Visual Studio Solution File, Format Version 12.00
# Visual Studio Version 17
VisualStudioVersion = 17.1.32414.318
MinimumVisualStudioVersion = 10.0.40219.1
Project("{9A19103F-16F7-4668-BE54-9A1E7A4F7556}") = "DiscordBotApi", "DiscordBotApi\DiscordBotApi.csproj", "{7CB5AF1C-7593-4180-B700-4C3502D906BD}"
EndProject
Project("{9A19103F-16F7-4668-BE54-9A1E7A4F7556}") = "DiscordBotApi.Samples", "DiscordBotApi.Samples\DiscordBotApi.Samples.csproj", "{6145C771-9F5F-407C-ADA5-1C64D13F2567}"
EndProject
Project("{9A19103F-16F7-4668-BE54-9A1E7A4F7556}") = "DiscordBotApi.Tests", "DiscordBotApi.Tests\DiscordBotApi.Tests.csproj", "{3BB40D52-9C10-4C8D-8369-6DFB91E3B484}"
EndProject
Project("{9A19103F-16F7-4668-BE54-9A1E7A4F7556}") = "DiscordBotApi.EndToEndTests", "DiscordBotApi.EndToEndTests\DiscordBotApi.EndToEndTests.csproj", "{E67FB5C1-D32C-4A91-BF9D-8D358157DA4F}"
EndProject
Project("{FAE04EC0-301F-11D3-BF4B-00C04F79EFBC}") = "DiscordBotApi.Builders", "DiscordBotApi.Builders\DiscordBotApi.Builders.csproj", "{8B925DAE-DBA8-4AD3-A475-3575FF70ECC1}"
EndProject
Project("{FAE04EC0-301F-11D3-BF4B-00C04F79EFBC}") = "DiscordBotApi.Builders.Generator", "DiscordBotApi.Builders.Generator\DiscordBotApi.Builders.Generator.csproj", "{B3002519-5891-477C-95B8-0E5ADABD87DE}"
EndProject
Project("{FAE04EC0-301F-11D3-BF4B-00C04F79EFBC}") = "DiscordBotApi.Interface", "DiscordBotApi.Interface\DiscordBotApi.Interface.csproj", "{C110A6B1-77EC-4E91-B2F1-078A5E90BD15}"
EndProject
Global
	GlobalSection(SolutionConfigurationPlatforms) = preSolution
		Debug|Any CPU = Debug|Any CPU
		Release|Any CPU = Release|Any CPU
	EndGlobalSection
	GlobalSection(ProjectConfigurationPlatforms) = postSolution
		{7CB5AF1C-7593-4180-B700-4C3502D906BD}.Debug|Any CPU.ActiveCfg = Debug|Any CPU
		{7CB5AF1C-7593-4180-B700-4C3502D906BD}.Debug|Any CPU.Build.0 = Debug|Any CPU
		{7CB5AF1C-7593-4180-B700-4C3502D906BD}.Release|Any CPU.ActiveCfg = Release|Any CPU
		{7CB5AF1C-7593-4180-B700-4C3502D906BD}.Release|Any CPU.Build.0 = Release|Any CPU
		{6145C771-9F5F-407C-ADA5-1C64D13F2567}.Debug|Any CPU.ActiveCfg = Debug|Any CPU
		{6145C771-9F5F-407C-ADA5-1C64D13F2567}.Debug|Any CPU.Build.0 = Debug|Any CPU
		{6145C771-9F5F-407C-ADA5-1C64D13F2567}.Release|Any CPU.ActiveCfg = Release|Any CPU
		{6145C771-9F5F-407C-ADA5-1C64D13F2567}.Release|Any CPU.Build.0 = Release|Any CPU
		{3BB40D52-9C10-4C8D-8369-6DFB91E3B484}.Debug|Any CPU.ActiveCfg = Debug|Any CPU
		{3BB40D52-9C10-4C8D-8369-6DFB91E3B484}.Debug|Any CPU.Build.0 = Debug|Any CPU
		{3BB40D52-9C10-4C8D-8369-6DFB91E3B484}.Release|Any CPU.ActiveCfg = Release|Any CPU
		{3BB40D52-9C10-4C8D-8369-6DFB91E3B484}.Release|Any CPU.Build.0 = Release|Any CPU
		{E67FB5C1-D32C-4A91-BF9D-8D358157DA4F}.Debug|Any CPU.ActiveCfg = Debug|Any CPU
		{E67FB5C1-D32C-4A91-BF9D-8D358157DA4F}.Debug|Any CPU.Build.0 = Debug|Any CPU
		{E67FB5C1-D32C-4A91-BF9D-8D358157DA4F}.Release|Any CPU.ActiveCfg = Release|Any CPU
		{E67FB5C1-D32C-4A91-BF9D-8D358157DA4F}.Release|Any CPU.Build.0 = Release|Any CPU
		{8B925DAE-DBA8-4AD3-A475-3575FF70ECC1}.Debug|Any CPU.ActiveCfg = Debug|Any CPU
		{8B925DAE-DBA8-4AD3-A475-3575FF70ECC1}.Debug|Any CPU.Build.0 = Debug|Any CPU
		{8B925DAE-DBA8-4AD3-A475-3575FF70ECC1}.Release|Any CPU.ActiveCfg = Release|Any CPU
		{8B925DAE-DBA8-4AD3-A475-3575FF70ECC1}.Release|Any CPU.Build.0 = Release|Any CPU
		{B3002519-5891-477C-95B8-0E5ADABD87DE}.Debug|Any CPU.ActiveCfg = Debug|Any CPU
		{B3002519-5891-477C-95B8-0E5ADABD87DE}.Debug|Any CPU.Build.0 = Debug|Any CPU
		{B3002519-5891-477C-95B8-0E5ADABD87DE}.Release|Any CPU.ActiveCfg = Release|Any CPU
		{B3002519-5891-477C-95B8-0E5ADABD87DE}.Release|Any CPU.Build.0 = Release|Any CPU
		{C110A6B1-77EC-4E91-B2F1-078A5E90BD15}.Debug|Any CPU.ActiveCfg = Debug|Any CPU
		{C110A6B1-77EC-4E91-B2F1-078A5E90BD15}.Debug|Any CPU.Build.0 = Debug|Any CPU
		{C110A6B1-77EC-4E91-B2F1-078A5E90BD15}.Release|Any CPU.ActiveCfg = Release|Any CPU
		{C110A6B1-77EC-4E91-B2F1-078A5E90BD15}.Release|Any CPU.Build.0 = Release|Any CPU
	EndGlobalSection
	GlobalSection(SolutionProperties) = preSolution
		HideSolutionNode = FALSE
	EndGlobalSection
	GlobalSection(ExtensibilityGlobals) = postSolution
		SolutionGuid = {98A5A6F6-078E-4BD5-8DCF-FE88D5697D9F}
	EndGlobalSection
EndGlobal
